
Microsoft Visual Studio Solution File, Format Version 12.00
# Visual Studio Version 17
VisualStudioVersion = 17.0.31903.59
MinimumVisualStudioVersion = 10.0.40219.1
Project("{FAE04EC0-301F-11D3-BF4B-00C04F79EFBC}") = "UnitSimulator.Core", "UnitSimulator.Core\UnitSimulator.Core.csproj", "{573D9462-7744-467D-804C-4DF0F6349BF8}"
EndProject
Project("{FAE04EC0-301F-11D3-BF4B-00C04F79EFBC}") = "UnitSimulator.Server", "UnitSimulator.Server\UnitSimulator.Server.csproj", "{B446343D-FA33-4E90-9E71-F1216D9A02DB}"
EndProject
Project("{FAE04EC0-301F-11D3-BF4B-00C04F79EFBC}") = "UnitSimulator.Core.Tests", "UnitSimulator.Core.Tests\UnitSimulator.Core.Tests.csproj", "{93AC5869-D9C1-46CF-B049-AAFB42E794A8}"
EndProject
Global
	GlobalSection(SolutionConfigurationPlatforms) = preSolution
		Debug|Any CPU = Debug|Any CPU
		Debug|x64 = Debug|x64
		Debug|x86 = Debug|x86
		Release|Any CPU = Release|Any CPU
		Release|x64 = Release|x64
		Release|x86 = Release|x86
	EndGlobalSection
	GlobalSection(ProjectConfigurationPlatforms) = postSolution
		{573D9462-7744-467D-804C-4DF0F6349BF8}.Debug|Any CPU.ActiveCfg = Debug|Any CPU
		{573D9462-7744-467D-804C-4DF0F6349BF8}.Debug|Any CPU.Build.0 = Debug|Any CPU
		{573D9462-7744-467D-804C-4DF0F6349BF8}.Debug|x64.ActiveCfg = Debug|Any CPU
		{573D9462-7744-467D-804C-4DF0F6349BF8}.Debug|x64.Build.0 = Debug|Any CPU
		{573D9462-7744-467D-804C-4DF0F6349BF8}.Debug|x86.ActiveCfg = Debug|Any CPU
		{573D9462-7744-467D-804C-4DF0F6349BF8}.Debug|x86.Build.0 = Debug|Any CPU
		{573D9462-7744-467D-804C-4DF0F6349BF8}.Release|Any CPU.ActiveCfg = Release|Any CPU
		{573D9462-7744-467D-804C-4DF0F6349BF8}.Release|Any CPU.Build.0 = Release|Any CPU
		{573D9462-7744-467D-804C-4DF0F6349BF8}.Release|x64.ActiveCfg = Release|Any CPU
		{573D9462-7744-467D-804C-4DF0F6349BF8}.Release|x64.Build.0 = Release|Any CPU
		{573D9462-7744-467D-804C-4DF0F6349BF8}.Release|x86.ActiveCfg = Release|Any CPU
		{573D9462-7744-467D-804C-4DF0F6349BF8}.Release|x86.Build.0 = Release|Any CPU
		{B446343D-FA33-4E90-9E71-F1216D9A02DB}.Debug|Any CPU.ActiveCfg = Debug|Any CPU
		{B446343D-FA33-4E90-9E71-F1216D9A02DB}.Debug|Any CPU.Build.0 = Debug|Any CPU
		{B446343D-FA33-4E90-9E71-F1216D9A02DB}.Debug|x64.ActiveCfg = Debug|Any CPU
		{B446343D-FA33-4E90-9E71-F1216D9A02DB}.Debug|x64.Build.0 = Debug|Any CPU
		{B446343D-FA33-4E90-9E71-F1216D9A02DB}.Debug|x86.ActiveCfg = Debug|Any CPU
		{B446343D-FA33-4E90-9E71-F1216D9A02DB}.Debug|x86.Build.0 = Debug|Any CPU
		{B446343D-FA33-4E90-9E71-F1216D9A02DB}.Release|Any CPU.ActiveCfg = Release|Any CPU
		{B446343D-FA33-4E90-9E71-F1216D9A02DB}.Release|Any CPU.Build.0 = Release|Any CPU
		{B446343D-FA33-4E90-9E71-F1216D9A02DB}.Release|x64.ActiveCfg = Release|Any CPU
		{B446343D-FA33-4E90-9E71-F1216D9A02DB}.Release|x64.Build.0 = Release|Any CPU
		{B446343D-FA33-4E90-9E71-F1216D9A02DB}.Release|x86.ActiveCfg = Release|Any CPU
		{B446343D-FA33-4E90-9E71-F1216D9A02DB}.Release|x86.Build.0 = Release|Any CPU
		{93AC5869-D9C1-46CF-B049-AAFB42E794A8}.Debug|Any CPU.ActiveCfg = Debug|Any CPU
		{93AC5869-D9C1-46CF-B049-AAFB42E794A8}.Debug|Any CPU.Build.0 = Debug|Any CPU
		{93AC5869-D9C1-46CF-B049-AAFB42E794A8}.Debug|x64.ActiveCfg = Debug|Any CPU
		{93AC5869-D9C1-46CF-B049-AAFB42E794A8}.Debug|x64.Build.0 = Debug|Any CPU
		{93AC5869-D9C1-46CF-B049-AAFB42E794A8}.Debug|x86.ActiveCfg = Debug|Any CPU
		{93AC5869-D9C1-46CF-B049-AAFB42E794A8}.Debug|x86.Build.0 = Debug|Any CPU
		{93AC5869-D9C1-46CF-B049-AAFB42E794A8}.Release|Any CPU.ActiveCfg = Release|Any CPU
		{93AC5869-D9C1-46CF-B049-AAFB42E794A8}.Release|Any CPU.Build.0 = Release|Any CPU
		{93AC5869-D9C1-46CF-B049-AAFB42E794A8}.Release|x64.ActiveCfg = Release|Any CPU
		{93AC5869-D9C1-46CF-B049-AAFB42E794A8}.Release|x64.Build.0 = Release|Any CPU
		{93AC5869-D9C1-46CF-B049-AAFB42E794A8}.Release|x86.ActiveCfg = Release|Any CPU
		{93AC5869-D9C1-46CF-B049-AAFB42E794A8}.Release|x86.Build.0 = Release|Any CPU
	EndGlobalSection
	GlobalSection(SolutionProperties) = preSolution
		HideSolutionNode = FALSE
	EndGlobalSection
EndGlobal
